// !$*UTF8*$!
{
	archiveVersion = 1;
	classes = {
	};
	objectVersion = 50;
	objects = {

/* Begin PBXBuildFile section */
		500DCDDF226CDC7C00045802 /* MonteCarloTreeSearch.swift in Sources */ = {isa = PBXBuildFile; fileRef = 500DCDDE226CDC7C00045802 /* MonteCarloTreeSearch.swift */; };
		500DCDE0226CDE8D00045802 /* MonteCarloTreeSearch.swift in Sources */ = {isa = PBXBuildFile; fileRef = 500DCDDE226CDC7C00045802 /* MonteCarloTreeSearch.swift */; };
		500DCDE1226CDED200045802 /* BoardState.swift in Sources */ = {isa = PBXBuildFile; fileRef = 50687E5921F8086300827806 /* BoardState.swift */; };
		5026430922320D8A00FE6CF2 /* SettingsViewController.swift in Sources */ = {isa = PBXBuildFile; fileRef = 5026430822320D8A00FE6CF2 /* SettingsViewController.swift */; };
		50548832233FAC2B00D77219 /* SwiftGKMCPlayer.swift in Sources */ = {isa = PBXBuildFile; fileRef = 50548831233FAC2B00D77219 /* SwiftGKMCPlayer.swift */; };
		50548834233FBD1700D77219 /* SwiftGKMCPlayer.swift in Sources */ = {isa = PBXBuildFile; fileRef = 50548831233FAC2B00D77219 /* SwiftGKMCPlayer.swift */; };
		5054883623415CDD00D77219 /* SwiftRandomPlayer.swift in Sources */ = {isa = PBXBuildFile; fileRef = 5054883523415CDD00D77219 /* SwiftRandomPlayer.swift */; };
		5054883823415DA000D77219 /* SwiftRandomPlayer.swift in Sources */ = {isa = PBXBuildFile; fileRef = 5054883523415CDD00D77219 /* SwiftRandomPlayer.swift */; };
		50687E3821F8075700827806 /* AppDelegate.swift in Sources */ = {isa = PBXBuildFile; fileRef = 50687E3721F8075700827806 /* AppDelegate.swift */; };
		50687E3A21F8075700827806 /* MainViewController.swift in Sources */ = {isa = PBXBuildFile; fileRef = 50687E3921F8075700827806 /* MainViewController.swift */; };
		50687E3D21F8075700827806 /* Main.storyboard in Resources */ = {isa = PBXBuildFile; fileRef = 50687E3B21F8075700827806 /* Main.storyboard */; };
		50687E3F21F8075700827806 /* Assets.xcassets in Resources */ = {isa = PBXBuildFile; fileRef = 50687E3E21F8075700827806 /* Assets.xcassets */; };
		50687E4221F8075700827806 /* LaunchScreen.storyboard in Resources */ = {isa = PBXBuildFile; fileRef = 50687E4021F8075700827806 /* LaunchScreen.storyboard */; };
		50687E4D21F8075700827806 /* SansumokuTests.swift in Sources */ = {isa = PBXBuildFile; fileRef = 50687E4C21F8075700827806 /* SansumokuTests.swift */; };
		50687E5821F8081A00827806 /* BoardView.swift in Sources */ = {isa = PBXBuildFile; fileRef = 50687E5721F8081A00827806 /* BoardView.swift */; };
		50687E5A21F8086300827806 /* BoardState.swift in Sources */ = {isa = PBXBuildFile; fileRef = 50687E5921F8086300827806 /* BoardState.swift */; };
		507A5E92227DD42C000FB0CE /* monte_carlo_tree_search.c in Sources */ = {isa = PBXBuildFile; fileRef = 507A5E91227DD42C000FB0CE /* monte_carlo_tree_search.c */; };
		507A5E93227DD42C000FB0CE /* monte_carlo_tree_search.c in Sources */ = {isa = PBXBuildFile; fileRef = 507A5E91227DD42C000FB0CE /* monte_carlo_tree_search.c */; };
		507A5E95227DDABF000FB0CE /* BoardStateInt8.swift in Sources */ = {isa = PBXBuildFile; fileRef = 507A5E94227DDABF000FB0CE /* BoardStateInt8.swift */; };
		507A5E96227DDABF000FB0CE /* BoardStateInt8.swift in Sources */ = {isa = PBXBuildFile; fileRef = 507A5E94227DDABF000FB0CE /* BoardStateInt8.swift */; };
		50A3793D2287496400358341 /* www in Resources */ = {isa = PBXBuildFile; fileRef = 50A3793C2287496400358341 /* www */; };
		50AD838B23232A6000993669 /* AIEngine.swift in Sources */ = {isa = PBXBuildFile; fileRef = 50AD838A23232A6000993669 /* AIEngine.swift */; };
		50AD838C23232A6000993669 /* AIEngine.swift in Sources */ = {isa = PBXBuildFile; fileRef = 50AD838A23232A6000993669 /* AIEngine.swift */; };
		50AD838E23232D0B00993669 /* ConnectorOldC.swift in Sources */ = {isa = PBXBuildFile; fileRef = 50AD838D23232D0B00993669 /* ConnectorOldC.swift */; };
		50AD838F23232D0B00993669 /* ConnectorOldC.swift in Sources */ = {isa = PBXBuildFile; fileRef = 50AD838D23232D0B00993669 /* ConnectorOldC.swift */; };
		50AD839123234EB400993669 /* ConnectorV1.swift in Sources */ = {isa = PBXBuildFile; fileRef = 50AD839023234EB400993669 /* ConnectorV1.swift */; };
		50AD839223234EB400993669 /* ConnectorV1.swift in Sources */ = {isa = PBXBuildFile; fileRef = 50AD839023234EB400993669 /* ConnectorV1.swift */; };
		50AD83952323507300993669 /* BoardState.cpp in Sources */ = {isa = PBXBuildFile; fileRef = 50AD83932323507300993669 /* BoardState.cpp */; };
		50AD83962323507300993669 /* BoardState.cpp in Sources */ = {isa = PBXBuildFile; fileRef = 50AD83932323507300993669 /* BoardState.cpp */; };
		50AD83992323511800993669 /* EngineV1.cpp in Sources */ = {isa = PBXBuildFile; fileRef = 50AD83972323511800993669 /* EngineV1.cpp */; };
		50AD839A2323511800993669 /* EngineV1.cpp in Sources */ = {isa = PBXBuildFile; fileRef = 50AD83972323511800993669 /* EngineV1.cpp */; };
		50B77CCB224D9856009D0B12 /* AI.swift in Sources */ = {isa = PBXBuildFile; fileRef = 50B77CCA224D9856009D0B12 /* AI.swift */; };
		50E8C2C82248396300210F81 /* RulesViewController.swift in Sources */ = {isa = PBXBuildFile; fileRef = 50E8C2C72248396300210F81 /* RulesViewController.swift */; };
		50FE5C14231DB0E400A33E4E /* SwiftBasicPlayer.swift in Sources */ = {isa = PBXBuildFile; fileRef = 50FE5C13231DB0E400A33E4E /* SwiftBasicPlayer.swift */; };
		50FE5C15231DB0E400A33E4E /* SwiftBasicPlayer.swift in Sources */ = {isa = PBXBuildFile; fileRef = 50FE5C13231DB0E400A33E4E /* SwiftBasicPlayer.swift */; };
		50FE5C17231DB2A700A33E4E /* EngineCompetition.swift in Sources */ = {isa = PBXBuildFile; fileRef = 50FE5C16231DB2A700A33E4E /* EngineCompetition.swift */; };
		50FE5C19231DB5D300A33E4E /* CppConnector.swift in Sources */ = {isa = PBXBuildFile; fileRef = 50FE5C18231DB5D300A33E4E /* CppConnector.swift */; };
		50FE5C1A231DB5D300A33E4E /* CppConnector.swift in Sources */ = {isa = PBXBuildFile; fileRef = 50FE5C18231DB5D300A33E4E /* CppConnector.swift */; };
		50FE5C25231DBC2A00A33E4E /* advanced_mcts.cpp in Sources */ = {isa = PBXBuildFile; fileRef = 50FE5C24231DBC2A00A33E4E /* advanced_mcts.cpp */; };
		50FE5C26231DBC2A00A33E4E /* advanced_mcts.cpp in Sources */ = {isa = PBXBuildFile; fileRef = 50FE5C24231DBC2A00A33E4E /* advanced_mcts.cpp */; };
		50FE5C2C231E0B1300A33E4E /* BaseGameEngine.cpp in Sources */ = {isa = PBXBuildFile; fileRef = 50FE5C2A231E0B1300A33E4E /* BaseGameEngine.cpp */; };
		50FE5C2D231E0B1300A33E4E /* BaseGameEngine.cpp in Sources */ = {isa = PBXBuildFile; fileRef = 50FE5C2A231E0B1300A33E4E /* BaseGameEngine.cpp */; };
/* End PBXBuildFile section */

/* Begin PBXContainerItemProxy section */
		50687E4921F8075700827806 /* PBXContainerItemProxy */ = {
			isa = PBXContainerItemProxy;
			containerPortal = 50687E2C21F8075700827806 /* Project object */;
			proxyType = 1;
			remoteGlobalIDString = 50687E3321F8075700827806;
			remoteInfo = Sansumoku;
		};
/* End PBXContainerItemProxy section */

/* Begin PBXFileReference section */
		500DCDDE226CDC7C00045802 /* MonteCarloTreeSearch.swift */ = {isa = PBXFileReference; lastKnownFileType = sourcecode.swift; path = MonteCarloTreeSearch.swift; sourceTree = "<group>"; };
		5026430822320D8A00FE6CF2 /* SettingsViewController.swift */ = {isa = PBXFileReference; lastKnownFileType = sourcecode.swift; path = SettingsViewController.swift; sourceTree = "<group>"; };
		50548831233FAC2B00D77219 /* SwiftGKMCPlayer.swift */ = {isa = PBXFileReference; lastKnownFileType = sourcecode.swift; path = SwiftGKMCPlayer.swift; sourceTree = "<group>"; };
		5054883523415CDD00D77219 /* SwiftRandomPlayer.swift */ = {isa = PBXFileReference; lastKnownFileType = sourcecode.swift; path = SwiftRandomPlayer.swift; sourceTree = "<group>"; };
		50687E3421F8075700827806 /* Sansumoku.app */ = {isa = PBXFileReference; explicitFileType = wrapper.application; includeInIndex = 0; path = Sansumoku.app; sourceTree = BUILT_PRODUCTS_DIR; };
		50687E3721F8075700827806 /* AppDelegate.swift */ = {isa = PBXFileReference; lastKnownFileType = sourcecode.swift; path = AppDelegate.swift; sourceTree = "<group>"; };
		50687E3921F8075700827806 /* MainViewController.swift */ = {isa = PBXFileReference; lastKnownFileType = sourcecode.swift; path = MainViewController.swift; sourceTree = "<group>"; };
		50687E3C21F8075700827806 /* Base */ = {isa = PBXFileReference; lastKnownFileType = file.storyboard; name = Base; path = Base.lproj/Main.storyboard; sourceTree = "<group>"; };
		50687E3E21F8075700827806 /* Assets.xcassets */ = {isa = PBXFileReference; lastKnownFileType = folder.assetcatalog; path = Assets.xcassets; sourceTree = "<group>"; };
		50687E4121F8075700827806 /* Base */ = {isa = PBXFileReference; lastKnownFileType = file.storyboard; name = Base; path = Base.lproj/LaunchScreen.storyboard; sourceTree = "<group>"; };
		50687E4321F8075700827806 /* Info.plist */ = {isa = PBXFileReference; lastKnownFileType = text.plist.xml; path = Info.plist; sourceTree = "<group>"; };
		50687E4821F8075700827806 /* SansumokuTests.xctest */ = {isa = PBXFileReference; explicitFileType = wrapper.cfbundle; includeInIndex = 0; path = SansumokuTests.xctest; sourceTree = BUILT_PRODUCTS_DIR; };
		50687E4C21F8075700827806 /* SansumokuTests.swift */ = {isa = PBXFileReference; lastKnownFileType = sourcecode.swift; path = SansumokuTests.swift; sourceTree = "<group>"; };
		50687E4E21F8075700827806 /* Info.plist */ = {isa = PBXFileReference; lastKnownFileType = text.plist.xml; path = Info.plist; sourceTree = "<group>"; };
		50687E5721F8081A00827806 /* BoardView.swift */ = {isa = PBXFileReference; lastKnownFileType = sourcecode.swift; path = BoardView.swift; sourceTree = "<group>"; };
		50687E5921F8086300827806 /* BoardState.swift */ = {isa = PBXFileReference; lastKnownFileType = sourcecode.swift; path = BoardState.swift; sourceTree = "<group>"; };
		507A5E8E227DD42C000FB0CE /* Sansumoku-Bridging-Header.h */ = {isa = PBXFileReference; lastKnownFileType = sourcecode.c.h; path = "Sansumoku-Bridging-Header.h"; sourceTree = "<group>"; };
		507A5E8F227DD42C000FB0CE /* SansumokuTests-Bridging-Header.h */ = {isa = PBXFileReference; lastKnownFileType = sourcecode.c.h; path = "SansumokuTests-Bridging-Header.h"; sourceTree = "<group>"; };
		507A5E90227DD42C000FB0CE /* monte_carlo_tree_search.h */ = {isa = PBXFileReference; lastKnownFileType = sourcecode.c.h; path = monte_carlo_tree_search.h; sourceTree = "<group>"; };
		507A5E91227DD42C000FB0CE /* monte_carlo_tree_search.c */ = {isa = PBXFileReference; lastKnownFileType = sourcecode.c.c; path = monte_carlo_tree_search.c; sourceTree = "<group>"; };
		507A5E94227DDABF000FB0CE /* BoardStateInt8.swift */ = {isa = PBXFileReference; lastKnownFileType = sourcecode.swift; path = BoardStateInt8.swift; sourceTree = "<group>"; };
		50A3793C2287496400358341 /* www */ = {isa = PBXFileReference; lastKnownFileType = folder; path = www; sourceTree = "<group>"; };
		50AD838A23232A6000993669 /* AIEngine.swift */ = {isa = PBXFileReference; lastKnownFileType = sourcecode.swift; path = AIEngine.swift; sourceTree = "<group>"; };
		50AD838D23232D0B00993669 /* ConnectorOldC.swift */ = {isa = PBXFileReference; lastKnownFileType = sourcecode.swift; path = ConnectorOldC.swift; sourceTree = "<group>"; };
		50AD839023234EB400993669 /* ConnectorV1.swift */ = {isa = PBXFileReference; lastKnownFileType = sourcecode.swift; path = ConnectorV1.swift; sourceTree = "<group>"; };
		50AD83932323507300993669 /* BoardState.cpp */ = {isa = PBXFileReference; lastKnownFileType = sourcecode.cpp.cpp; path = BoardState.cpp; sourceTree = "<group>"; };
		50AD83942323507300993669 /* BoardState.hpp */ = {isa = PBXFileReference; lastKnownFileType = sourcecode.cpp.h; path = BoardState.hpp; sourceTree = "<group>"; };
		50AD83972323511800993669 /* EngineV1.cpp */ = {isa = PBXFileReference; lastKnownFileType = sourcecode.cpp.cpp; path = EngineV1.cpp; sourceTree = "<group>"; };
		50AD83982323511800993669 /* EngineV1.hpp */ = {isa = PBXFileReference; lastKnownFileType = sourcecode.cpp.h; path = EngineV1.hpp; sourceTree = "<group>"; };
		50B77CCA224D9856009D0B12 /* AI.swift */ = {isa = PBXFileReference; lastKnownFileType = sourcecode.swift; path = AI.swift; sourceTree = "<group>"; };
		50E8C2C72248396300210F81 /* RulesViewController.swift */ = {isa = PBXFileReference; lastKnownFileType = sourcecode.swift; path = RulesViewController.swift; sourceTree = "<group>"; };
		50FE5C13231DB0E400A33E4E /* SwiftBasicPlayer.swift */ = {isa = PBXFileReference; lastKnownFileType = sourcecode.swift; path = SwiftBasicPlayer.swift; sourceTree = "<group>"; };
		50FE5C16231DB2A700A33E4E /* EngineCompetition.swift */ = {isa = PBXFileReference; lastKnownFileType = sourcecode.swift; path = EngineCompetition.swift; sourceTree = "<group>"; };
		50FE5C18231DB5D300A33E4E /* CppConnector.swift */ = {isa = PBXFileReference; lastKnownFileType = sourcecode.swift; path = CppConnector.swift; sourceTree = "<group>"; };
		50FE5C1C231DB95A00A33E4E /* board_state.h */ = {isa = PBXFileReference; lastKnownFileType = sourcecode.c.h; path = board_state.h; sourceTree = "<group>"; };
		50FE5C1D231DBA5800A33E4E /* advanced_mcts.h */ = {isa = PBXFileReference; lastKnownFileType = sourcecode.c.h; path = advanced_mcts.h; sourceTree = "<group>"; };
		50FE5C24231DBC2A00A33E4E /* advanced_mcts.cpp */ = {isa = PBXFileReference; lastKnownFileType = sourcecode.cpp.cpp; path = advanced_mcts.cpp; sourceTree = "<group>"; };
		50FE5C2A231E0B1300A33E4E /* BaseGameEngine.cpp */ = {isa = PBXFileReference; lastKnownFileType = sourcecode.cpp.cpp; path = BaseGameEngine.cpp; sourceTree = "<group>"; };
		50FE5C2B231E0B1300A33E4E /* BaseGameEngine.hpp */ = {isa = PBXFileReference; lastKnownFileType = sourcecode.cpp.h; path = BaseGameEngine.hpp; sourceTree = "<group>"; };
/* End PBXFileReference section */

/* Begin PBXFrameworksBuildPhase section */
		50687E3121F8075700827806 /* Frameworks */ = {
			isa = PBXFrameworksBuildPhase;
			buildActionMask = 2147483647;
			files = (
			);
			runOnlyForDeploymentPostprocessing = 0;
		};
		50687E4521F8075700827806 /* Frameworks */ = {
			isa = PBXFrameworksBuildPhase;
			buildActionMask = 2147483647;
			files = (
			);
			runOnlyForDeploymentPostprocessing = 0;
		};
/* End PBXFrameworksBuildPhase section */

/* Begin PBXGroup section */
		50687E2B21F8075700827806 = {
			isa = PBXGroup;
			children = (
				50687E3621F8075700827806 /* Sansumoku */,
				50687E4B21F8075700827806 /* SansumokuTests */,
				50687E3521F8075700827806 /* Products */,
			);
			sourceTree = "<group>";
		};
		50687E3521F8075700827806 /* Products */ = {
			isa = PBXGroup;
			children = (
				50687E3421F8075700827806 /* Sansumoku.app */,
				50687E4821F8075700827806 /* SansumokuTests.xctest */,
			);
			name = Products;
			sourceTree = "<group>";
		};
		50687E3621F8075700827806 /* Sansumoku */ = {
			isa = PBXGroup;
			children = (
				50FE5C29231E0AD300A33E4E /* CppGameEngines */,
				50FE5C28231E0A9500A33E4E /* CFiles */,
				50B77CCA224D9856009D0B12 /* AI.swift */,
				50687E3721F8075700827806 /* AppDelegate.swift */,
				50687E3E21F8075700827806 /* Assets.xcassets */,
				50687E5921F8086300827806 /* BoardState.swift */,
				507A5E94227DDABF000FB0CE /* BoardStateInt8.swift */,
				50687E5721F8081A00827806 /* BoardView.swift */,
				50FE5C27231E0A1300A33E4E /* SwiftGameEngines */,
				50687E4321F8075700827806 /* Info.plist */,
				50687E4021F8075700827806 /* LaunchScreen.storyboard */,
				50687E3B21F8075700827806 /* Main.storyboard */,
				50687E3921F8075700827806 /* MainViewController.swift */,
				50E8C2C72248396300210F81 /* RulesViewController.swift */,
				507A5E8E227DD42C000FB0CE /* Sansumoku-Bridging-Header.h */,
				507A5E8F227DD42C000FB0CE /* SansumokuTests-Bridging-Header.h */,
				5026430822320D8A00FE6CF2 /* SettingsViewController.swift */,
				50A3793C2287496400358341 /* www */,
			);
			path = Sansumoku;
			sourceTree = "<group>";
		};
		50687E4B21F8075700827806 /* SansumokuTests */ = {
			isa = PBXGroup;
			children = (
				50687E4C21F8075700827806 /* SansumokuTests.swift */,
				50687E4E21F8075700827806 /* Info.plist */,
				50FE5C16231DB2A700A33E4E /* EngineCompetition.swift */,
			);
			path = SansumokuTests;
			sourceTree = "<group>";
		};
		50FE5C27231E0A1300A33E4E /* SwiftGameEngines */ = {
			isa = PBXGroup;
			children = (
				50FE5C18231DB5D300A33E4E /* CppConnector.swift */,
				500DCDDE226CDC7C00045802 /* MonteCarloTreeSearch.swift */,
				50FE5C13231DB0E400A33E4E /* SwiftBasicPlayer.swift */,
				50AD838A23232A6000993669 /* AIEngine.swift */,
				50AD838D23232D0B00993669 /* ConnectorOldC.swift */,
				50AD839023234EB400993669 /* ConnectorV1.swift */,
				50548831233FAC2B00D77219 /* SwiftGKMCPlayer.swift */,
				5054883523415CDD00D77219 /* SwiftRandomPlayer.swift */,
			);
			path = SwiftGameEngines;
			sourceTree = "<group>";
		};
		50FE5C28231E0A9500A33E4E /* CFiles */ = {
			isa = PBXGroup;
			children = (
				50FE5C1D231DBA5800A33E4E /* advanced_mcts.h */,
				50FE5C24231DBC2A00A33E4E /* advanced_mcts.cpp */,
				50FE5C1C231DB95A00A33E4E /* board_state.h */,
				507A5E91227DD42C000FB0CE /* monte_carlo_tree_search.c */,
				507A5E90227DD42C000FB0CE /* monte_carlo_tree_search.h */,
			);
			path = CFiles;
			sourceTree = "<group>";
		};
		50FE5C29231E0AD300A33E4E /* CppGameEngines */ = {
			isa = PBXGroup;
			children = (
				50FE5C2A231E0B1300A33E4E /* BaseGameEngine.cpp */,
				50FE5C2B231E0B1300A33E4E /* BaseGameEngine.hpp */,
				50AD83932323507300993669 /* BoardState.cpp */,
				50AD83942323507300993669 /* BoardState.hpp */,
				50AD83972323511800993669 /* EngineV1.cpp */,
				50AD83982323511800993669 /* EngineV1.hpp */,
			);
			path = CppGameEngines;
			sourceTree = "<group>";
		};
/* End PBXGroup section */

/* Begin PBXNativeTarget section */
		50687E3321F8075700827806 /* Sansumoku */ = {
			isa = PBXNativeTarget;
			buildConfigurationList = 50687E5121F8075700827806 /* Build configuration list for PBXNativeTarget "Sansumoku" */;
			buildPhases = (
				50687E3021F8075700827806 /* Sources */,
				50687E3121F8075700827806 /* Frameworks */,
				50687E3221F8075700827806 /* Resources */,
			);
			buildRules = (
			);
			dependencies = (
			);
			name = Sansumoku;
			productName = Sansumoku;
			productReference = 50687E3421F8075700827806 /* Sansumoku.app */;
			productType = "com.apple.product-type.application";
		};
		50687E4721F8075700827806 /* SansumokuTests */ = {
			isa = PBXNativeTarget;
			buildConfigurationList = 50687E5421F8075700827806 /* Build configuration list for PBXNativeTarget "SansumokuTests" */;
			buildPhases = (
				50687E4421F8075700827806 /* Sources */,
				50687E4521F8075700827806 /* Frameworks */,
				50687E4621F8075700827806 /* Resources */,
			);
			buildRules = (
			);
			dependencies = (
				50687E4A21F8075700827806 /* PBXTargetDependency */,
			);
			name = SansumokuTests;
			productName = SansumokuTests;
			productReference = 50687E4821F8075700827806 /* SansumokuTests.xctest */;
			productType = "com.apple.product-type.bundle.unit-test";
		};
/* End PBXNativeTarget section */

/* Begin PBXProject section */
		50687E2C21F8075700827806 /* Project object */ = {
			isa = PBXProject;
			attributes = {
				LastSwiftUpdateCheck = 1010;
				LastUpgradeCheck = 1010;
				ORGANIZATIONNAME = "Maksim Khrapov";
				TargetAttributes = {
					50687E3321F8075700827806 = {
						CreatedOnToolsVersion = 10.1;
						LastSwiftMigration = 1020;
					};
					50687E4721F8075700827806 = {
						CreatedOnToolsVersion = 10.1;
						LastSwiftMigration = 1020;
						TestTargetID = 50687E3321F8075700827806;
					};
				};
			};
			buildConfigurationList = 50687E2F21F8075700827806 /* Build configuration list for PBXProject "Sansumoku" */;
			compatibilityVersion = "Xcode 9.3";
			developmentRegion = en;
			hasScannedForEncodings = 0;
			knownRegions = (
				en,
				Base,
			);
			mainGroup = 50687E2B21F8075700827806;
			productRefGroup = 50687E3521F8075700827806 /* Products */;
			projectDirPath = "";
			projectRoot = "";
			targets = (
				50687E3321F8075700827806 /* Sansumoku */,
				50687E4721F8075700827806 /* SansumokuTests */,
			);
		};
/* End PBXProject section */

/* Begin PBXResourcesBuildPhase section */
		50687E3221F8075700827806 /* Resources */ = {
			isa = PBXResourcesBuildPhase;
			buildActionMask = 2147483647;
			files = (
				50A3793D2287496400358341 /* www in Resources */,
				50687E4221F8075700827806 /* LaunchScreen.storyboard in Resources */,
				50687E3F21F8075700827806 /* Assets.xcassets in Resources */,
				50687E3D21F8075700827806 /* Main.storyboard in Resources */,
			);
			runOnlyForDeploymentPostprocessing = 0;
		};
		50687E4621F8075700827806 /* Resources */ = {
			isa = PBXResourcesBuildPhase;
			buildActionMask = 2147483647;
			files = (
			);
			runOnlyForDeploymentPostprocessing = 0;
		};
/* End PBXResourcesBuildPhase section */

/* Begin PBXSourcesBuildPhase section */
		50687E3021F8075700827806 /* Sources */ = {
			isa = PBXSourcesBuildPhase;
			buildActionMask = 2147483647;
			files = (
				50AD838B23232A6000993669 /* AIEngine.swift in Sources */,
				50687E5A21F8086300827806 /* BoardState.swift in Sources */,
				50AD839123234EB400993669 /* ConnectorV1.swift in Sources */,
				50AD83992323511800993669 /* EngineV1.cpp in Sources */,
				507A5E95227DDABF000FB0CE /* BoardStateInt8.swift in Sources */,
				50687E5821F8081A00827806 /* BoardView.swift in Sources */,
				50687E3A21F8075700827806 /* MainViewController.swift in Sources */,
				50FE5C2C231E0B1300A33E4E /* BaseGameEngine.cpp in Sources */,
				5054883623415CDD00D77219 /* SwiftRandomPlayer.swift in Sources */,
				50FE5C25231DBC2A00A33E4E /* advanced_mcts.cpp in Sources */,
				5026430922320D8A00FE6CF2 /* SettingsViewController.swift in Sources */,
				507A5E92227DD42C000FB0CE /* monte_carlo_tree_search.c in Sources */,
				50B77CCB224D9856009D0B12 /* AI.swift in Sources */,
				50FE5C19231DB5D300A33E4E /* CppConnector.swift in Sources */,
				50AD83952323507300993669 /* BoardState.cpp in Sources */,
				50AD838E23232D0B00993669 /* ConnectorOldC.swift in Sources */,
				50E8C2C82248396300210F81 /* RulesViewController.swift in Sources */,
				50548832233FAC2B00D77219 /* SwiftGKMCPlayer.swift in Sources */,
				50FE5C14231DB0E400A33E4E /* SwiftBasicPlayer.swift in Sources */,
				50687E3821F8075700827806 /* AppDelegate.swift in Sources */,
				500DCDDF226CDC7C00045802 /* MonteCarloTreeSearch.swift in Sources */,
			);
			runOnlyForDeploymentPostprocessing = 0;
		};
		50687E4421F8075700827806 /* Sources */ = {
			isa = PBXSourcesBuildPhase;
			buildActionMask = 2147483647;
			files = (
				50AD83962323507300993669 /* BoardState.cpp in Sources */,
				500DCDE1226CDED200045802 /* BoardState.swift in Sources */,
				5054883823415DA000D77219 /* SwiftRandomPlayer.swift in Sources */,
				50AD838C23232A6000993669 /* AIEngine.swift in Sources */,
				50FE5C17231DB2A700A33E4E /* EngineCompetition.swift in Sources */,
				50FE5C2D231E0B1300A33E4E /* BaseGameEngine.cpp in Sources */,
				50AD839A2323511800993669 /* EngineV1.cpp in Sources */,
				50AD839223234EB400993669 /* ConnectorV1.swift in Sources */,
				507A5E96227DDABF000FB0CE /* BoardStateInt8.swift in Sources */,
				50FE5C1A231DB5D300A33E4E /* CppConnector.swift in Sources */,
				507A5E93227DD42C000FB0CE /* monte_carlo_tree_search.c in Sources */,
				50FE5C15231DB0E400A33E4E /* SwiftBasicPlayer.swift in Sources */,
				50687E4D21F8075700827806 /* SansumokuTests.swift in Sources */,
				50548834233FBD1700D77219 /* SwiftGKMCPlayer.swift in Sources */,
				500DCDE0226CDE8D00045802 /* MonteCarloTreeSearch.swift in Sources */,
				50FE5C26231DBC2A00A33E4E /* advanced_mcts.cpp in Sources */,
				50AD838F23232D0B00993669 /* ConnectorOldC.swift in Sources */,
			);
			runOnlyForDeploymentPostprocessing = 0;
		};
/* End PBXSourcesBuildPhase section */

/* Begin PBXTargetDependency section */
		50687E4A21F8075700827806 /* PBXTargetDependency */ = {
			isa = PBXTargetDependency;
			target = 50687E3321F8075700827806 /* Sansumoku */;
			targetProxy = 50687E4921F8075700827806 /* PBXContainerItemProxy */;
		};
/* End PBXTargetDependency section */

/* Begin PBXVariantGroup section */
		50687E3B21F8075700827806 /* Main.storyboard */ = {
			isa = PBXVariantGroup;
			children = (
				50687E3C21F8075700827806 /* Base */,
			);
			name = Main.storyboard;
			sourceTree = "<group>";
		};
		50687E4021F8075700827806 /* LaunchScreen.storyboard */ = {
			isa = PBXVariantGroup;
			children = (
				50687E4121F8075700827806 /* Base */,
			);
			name = LaunchScreen.storyboard;
			sourceTree = "<group>";
		};
/* End PBXVariantGroup section */

/* Begin XCBuildConfiguration section */
		50687E4F21F8075700827806 /* Debug */ = {
			isa = XCBuildConfiguration;
			buildSettings = {
				ALWAYS_SEARCH_USER_PATHS = NO;
				CLANG_ANALYZER_NONNULL = YES;
				CLANG_ANALYZER_NUMBER_OBJECT_CONVERSION = YES_AGGRESSIVE;
				CLANG_CXX_LANGUAGE_STANDARD = "gnu++14";
				CLANG_CXX_LIBRARY = "libc++";
				CLANG_ENABLE_MODULES = YES;
				CLANG_ENABLE_OBJC_ARC = YES;
				CLANG_ENABLE_OBJC_WEAK = YES;
				CLANG_WARN_BLOCK_CAPTURE_AUTORELEASING = YES;
				CLANG_WARN_BOOL_CONVERSION = YES;
				CLANG_WARN_COMMA = YES;
				CLANG_WARN_CONSTANT_CONVERSION = YES;
				CLANG_WARN_DEPRECATED_OBJC_IMPLEMENTATIONS = YES;
				CLANG_WARN_DIRECT_OBJC_ISA_USAGE = YES_ERROR;
				CLANG_WARN_DOCUMENTATION_COMMENTS = YES;
				CLANG_WARN_EMPTY_BODY = YES;
				CLANG_WARN_ENUM_CONVERSION = YES;
				CLANG_WARN_INFINITE_RECURSION = YES;
				CLANG_WARN_INT_CONVERSION = YES;
				CLANG_WARN_NON_LITERAL_NULL_CONVERSION = YES;
				CLANG_WARN_OBJC_IMPLICIT_RETAIN_SELF = YES;
				CLANG_WARN_OBJC_LITERAL_CONVERSION = YES;
				CLANG_WARN_OBJC_ROOT_CLASS = YES_ERROR;
				CLANG_WARN_RANGE_LOOP_ANALYSIS = YES;
				CLANG_WARN_STRICT_PROTOTYPES = YES;
				CLANG_WARN_SUSPICIOUS_MOVE = YES;
				CLANG_WARN_UNGUARDED_AVAILABILITY = YES_AGGRESSIVE;
				CLANG_WARN_UNREACHABLE_CODE = YES;
				CLANG_WARN__DUPLICATE_METHOD_MATCH = YES;
				CODE_SIGN_IDENTITY = "iPhone Developer";
				COPY_PHASE_STRIP = NO;
				DEBUG_INFORMATION_FORMAT = dwarf;
				ENABLE_STRICT_OBJC_MSGSEND = YES;
				ENABLE_TESTABILITY = YES;
				GCC_C_LANGUAGE_STANDARD = gnu11;
				GCC_DYNAMIC_NO_PIC = NO;
				GCC_NO_COMMON_BLOCKS = YES;
				GCC_OPTIMIZATION_LEVEL = 0;
				GCC_PREPROCESSOR_DEFINITIONS = (
					"DEBUG=1",
					"$(inherited)",
				);
				GCC_WARN_64_TO_32_BIT_CONVERSION = YES;
				GCC_WARN_ABOUT_RETURN_TYPE = YES_ERROR;
				GCC_WARN_UNDECLARED_SELECTOR = YES;
				GCC_WARN_UNINITIALIZED_AUTOS = YES_AGGRESSIVE;
				GCC_WARN_UNUSED_FUNCTION = YES;
				GCC_WARN_UNUSED_VARIABLE = YES;
				IPHONEOS_DEPLOYMENT_TARGET = 12.1;
				MTL_ENABLE_DEBUG_INFO = INCLUDE_SOURCE;
				MTL_FAST_MATH = YES;
				ONLY_ACTIVE_ARCH = YES;
				SDKROOT = iphoneos;
				SWIFT_ACTIVE_COMPILATION_CONDITIONS = DEBUG;
				SWIFT_OPTIMIZATION_LEVEL = "-Onone";
			};
			name = Debug;
		};
		50687E5021F8075700827806 /* Release */ = {
			isa = XCBuildConfiguration;
			buildSettings = {
				ALWAYS_SEARCH_USER_PATHS = NO;
				CLANG_ANALYZER_NONNULL = YES;
				CLANG_ANALYZER_NUMBER_OBJECT_CONVERSION = YES_AGGRESSIVE;
				CLANG_CXX_LANGUAGE_STANDARD = "gnu++14";
				CLANG_CXX_LIBRARY = "libc++";
				CLANG_ENABLE_MODULES = YES;
				CLANG_ENABLE_OBJC_ARC = YES;
				CLANG_ENABLE_OBJC_WEAK = YES;
				CLANG_WARN_BLOCK_CAPTURE_AUTORELEASING = YES;
				CLANG_WARN_BOOL_CONVERSION = YES;
				CLANG_WARN_COMMA = YES;
				CLANG_WARN_CONSTANT_CONVERSION = YES;
				CLANG_WARN_DEPRECATED_OBJC_IMPLEMENTATIONS = YES;
				CLANG_WARN_DIRECT_OBJC_ISA_USAGE = YES_ERROR;
				CLANG_WARN_DOCUMENTATION_COMMENTS = YES;
				CLANG_WARN_EMPTY_BODY = YES;
				CLANG_WARN_ENUM_CONVERSION = YES;
				CLANG_WARN_INFINITE_RECURSION = YES;
				CLANG_WARN_INT_CONVERSION = YES;
				CLANG_WARN_NON_LITERAL_NULL_CONVERSION = YES;
				CLANG_WARN_OBJC_IMPLICIT_RETAIN_SELF = YES;
				CLANG_WARN_OBJC_LITERAL_CONVERSION = YES;
				CLANG_WARN_OBJC_ROOT_CLASS = YES_ERROR;
				CLANG_WARN_RANGE_LOOP_ANALYSIS = YES;
				CLANG_WARN_STRICT_PROTOTYPES = YES;
				CLANG_WARN_SUSPICIOUS_MOVE = YES;
				CLANG_WARN_UNGUARDED_AVAILABILITY = YES_AGGRESSIVE;
				CLANG_WARN_UNREACHABLE_CODE = YES;
				CLANG_WARN__DUPLICATE_METHOD_MATCH = YES;
				CODE_SIGN_IDENTITY = "iPhone Developer";
				COPY_PHASE_STRIP = NO;
				DEBUG_INFORMATION_FORMAT = "dwarf-with-dsym";
				ENABLE_NS_ASSERTIONS = NO;
				ENABLE_STRICT_OBJC_MSGSEND = YES;
				GCC_C_LANGUAGE_STANDARD = gnu11;
				GCC_NO_COMMON_BLOCKS = YES;
				GCC_WARN_64_TO_32_BIT_CONVERSION = YES;
				GCC_WARN_ABOUT_RETURN_TYPE = YES_ERROR;
				GCC_WARN_UNDECLARED_SELECTOR = YES;
				GCC_WARN_UNINITIALIZED_AUTOS = YES_AGGRESSIVE;
				GCC_WARN_UNUSED_FUNCTION = YES;
				GCC_WARN_UNUSED_VARIABLE = YES;
				IPHONEOS_DEPLOYMENT_TARGET = 12.1;
				MTL_ENABLE_DEBUG_INFO = NO;
				MTL_FAST_MATH = YES;
				SDKROOT = iphoneos;
				SWIFT_COMPILATION_MODE = wholemodule;
				SWIFT_OPTIMIZATION_LEVEL = "-O";
				VALIDATE_PRODUCT = YES;
			};
			name = Release;
		};
		50687E5221F8075700827806 /* Debug */ = {
			isa = XCBuildConfiguration;
			buildSettings = {
				ASSETCATALOG_COMPILER_APPICON_NAME = AppIcon;
				CLANG_ENABLE_MODULES = YES;
				CODE_SIGN_STYLE = Automatic;
				CURRENT_PROJECT_VERSION = 10;
				DEVELOPMENT_TEAM = 83396K5CDA;
				INFOPLIST_FILE = Sansumoku/Info.plist;
				IPHONEOS_DEPLOYMENT_TARGET = 10.0;
				LD_RUNPATH_SEARCH_PATHS = (
					"$(inherited)",
					"@executable_path/Frameworks",
				);
				MARKETING_VERSION = 1.3.0;
				PRODUCT_BUNDLE_IDENTIFIER = org.khrapov.Sansumoku;
				PRODUCT_NAME = "$(TARGET_NAME)";
				SWIFT_OBJC_BRIDGING_HEADER = "Sansumoku/Sansumoku-Bridging-Header.h";
				SWIFT_OPTIMIZATION_LEVEL = "-Onone";
				SWIFT_VERSION = 5.0;
				TARGETED_DEVICE_FAMILY = "1,2";
			};
			name = Debug;
		};
		50687E5321F8075700827806 /* Release */ = {
			isa = XCBuildConfiguration;
			buildSettings = {
				ASSETCATALOG_COMPILER_APPICON_NAME = AppIcon;
				CLANG_ENABLE_MODULES = YES;
				CODE_SIGN_STYLE = Automatic;
				CURRENT_PROJECT_VERSION = 10;
				DEVELOPMENT_TEAM = 83396K5CDA;
				INFOPLIST_FILE = Sansumoku/Info.plist;
				IPHONEOS_DEPLOYMENT_TARGET = 10.0;
				LD_RUNPATH_SEARCH_PATHS = (
					"$(inherited)",
					"@executable_path/Frameworks",
				);
				MARKETING_VERSION = 1.3.0;
				PRODUCT_BUNDLE_IDENTIFIER = org.khrapov.Sansumoku;
				PRODUCT_NAME = "$(TARGET_NAME)";
				SWIFT_OBJC_BRIDGING_HEADER = "Sansumoku/Sansumoku-Bridging-Header.h";
				SWIFT_VERSION = 5.0;
				TARGETED_DEVICE_FAMILY = "1,2";
			};
			name = Release;
		};
		50687E5521F8075700827806 /* Debug */ = {
			isa = XCBuildConfiguration;
			buildSettings = {
				ALWAYS_EMBED_SWIFT_STANDARD_LIBRARIES = YES;
				BUNDLE_LOADER = "$(TEST_HOST)";
				CLANG_ENABLE_MODULES = YES;
				CODE_SIGN_STYLE = Automatic;
				DEVELOPMENT_TEAM = 83396K5CDA;
				INFOPLIST_FILE = SansumokuTests/Info.plist;
				LD_RUNPATH_SEARCH_PATHS = (
					"$(inherited)",
					"@executable_path/Frameworks",
					"@loader_path/Frameworks",
				);
				PRODUCT_BUNDLE_IDENTIFIER = org.khrapov.SansumokuTests;
				PRODUCT_NAME = "$(TARGET_NAME)";
				SWIFT_OBJC_BRIDGING_HEADER = "Sansumoku/SansumokuTests-Bridging-Header.h";
				SWIFT_OPTIMIZATION_LEVEL = "-Onone";
				SWIFT_VERSION = 4.2;
				TARGETED_DEVICE_FAMILY = "1,2";
				TEST_HOST = "$(BUILT_PRODUCTS_DIR)/Sansumoku.app/Sansumoku";
			};
			name = Debug;
		};
		50687E5621F8075700827806 /* Release */ = {
			isa = XCBuildConfiguration;
			buildSettings = {
				ALWAYS_EMBED_SWIFT_STANDARD_LIBRARIES = YES;
				BUNDLE_LOADER = "$(TEST_HOST)";
				CLANG_ENABLE_MODULES = YES;
				CODE_SIGN_STYLE = Automatic;
				DEVELOPMENT_TEAM = 83396K5CDA;
				INFOPLIST_FILE = SansumokuTests/Info.plist;
				LD_RUNPATH_SEARCH_PATHS = (
					"$(inherited)",
					"@executable_path/Frameworks",
					"@loader_path/Frameworks",
				);
				PRODUCT_BUNDLE_IDENTIFIER = org.khrapov.SansumokuTests;
				PRODUCT_NAME = "$(TARGET_NAME)";
				SWIFT_OBJC_BRIDGING_HEADER = "Sansumoku/SansumokuTests-Bridging-Header.h";
				SWIFT_VERSION = 4.2;
				TARGETED_DEVICE_FAMILY = "1,2";
				TEST_HOST = "$(BUILT_PRODUCTS_DIR)/Sansumoku.app/Sansumoku";
			};
			name = Release;
		};
/* End XCBuildConfiguration section */

/* Begin XCConfigurationList section */
		50687E2F21F8075700827806 /* Build configuration list for PBXProject "Sansumoku" */ = {
			isa = XCConfigurationList;
			buildConfigurations = (
				50687E4F21F8075700827806 /* Debug */,
				50687E5021F8075700827806 /* Release */,
			);
			defaultConfigurationIsVisible = 0;
			defaultConfigurationName = Release;
		};
		50687E5121F8075700827806 /* Build configuration list for PBXNativeTarget "Sansumoku" */ = {
			isa = XCConfigurationList;
			buildConfigurations = (
				50687E5221F8075700827806 /* Debug */,
				50687E5321F8075700827806 /* Release */,
			);
			defaultConfigurationIsVisible = 0;
			defaultConfigurationName = Release;
		};
		50687E5421F8075700827806 /* Build configuration list for PBXNativeTarget "SansumokuTests" */ = {
			isa = XCConfigurationList;
			buildConfigurations = (
				50687E5521F8075700827806 /* Debug */,
				50687E5621F8075700827806 /* Release */,
			);
			defaultConfigurationIsVisible = 0;
			defaultConfigurationName = Release;
		};
/* End XCConfigurationList section */
	};
	rootObject = 50687E2C21F8075700827806 /* Project object */;
}
